{
  "version": "3",
  "redirects": {
    "https://64e8753eae24930008fac6d9--edge.netlify.app/bootstrap/index-combined.ts": "https://64e8753eae24930008fac6d9--edge.netlify.com/bootstrap/index-combined.ts"
  },
  "remote": {
    "https://64e8753eae24930008fac6d9--edge.netlify.com/bootstrap/account.ts": "2a728e5787f089e638732dd9a1bd782770d83d403b60bd6d35977045f77ecf70",
    "https://64e8753eae24930008fac6d9--edge.netlify.com/bootstrap/blobs.ts": "a4ee4d3211e8fd3ef942957e384f829610c7d813de5d75e815353f91fd2a7929",
    "https://64e8753eae24930008fac6d9--edge.netlify.com/bootstrap/bypass.ts": "225c35410fbe6f445f53d30e929f39a3547e8792d1147f5c016aa0068aba0b45",
    "https://64e8753eae24930008fac6d9--edge.netlify.com/bootstrap/cache.ts": "b8cbe411e9cac6529a11bce57fa1693aea14c1c614d977e23641efba8976dc66",
    "https://64e8753eae24930008fac6d9--edge.netlify.com/bootstrap/context.ts": "8f99269eeeeccf9b852e6089cc648c962a0ea20b2198b8b38b38e3b2ce2b9143",
    "https://64e8753eae24930008fac6d9--edge.netlify.com/bootstrap/cookie.ts": "6813e87996aef1b75348ccddc7f3c64a3be7ed1521a0af524ec986f4ea8764ee",
    "https://64e8753eae24930008fac6d9--edge.netlify.com/bootstrap/cookie_store.ts": "83e87d7f704589e257effa270e1abbd9ad0e362f8eeb596be60350a528bc3c1a",
    "https://64e8753eae24930008fac6d9--edge.netlify.com/bootstrap/deno-fs.ts": "ccd0a9335de14e01d77e8937e2320c99a110f5f2a473b80126750e3884ef952a",
    "https://64e8753eae24930008fac6d9--edge.netlify.com/bootstrap/edge_function.ts": "b8253e86aa83c67341f5cfedeba5049d77fbf84dcab7eceff7566b7728ae9b39",
    "https://64e8753eae24930008fac6d9--edge.netlify.com/bootstrap/environment.ts": "310fda1b6341d50ba1b7838acd3acdcc883a6c59e30783fa486fa03fa512cd3f",
    "https://64e8753eae24930008fac6d9--edge.netlify.com/bootstrap/feature_flags.ts": "d0d99cb8959b95281744e4dff1c17925cea2f14ec22de2c94f0f2a3eb622320a",
    "https://64e8753eae24930008fac6d9--edge.netlify.com/bootstrap/function_chain.ts": "6c6a3fb39c20604ee2047633a9e06160f4ff8f0456b95fb5d0fc2018afed47e3",
    "https://64e8753eae24930008fac6d9--edge.netlify.com/bootstrap/geo.ts": "18499de9f6df128568f54ebc6435e37c010ad6a742daae1383ff4a6f997f9767",
    "https://64e8753eae24930008fac6d9--edge.netlify.com/bootstrap/globals.ts": "d0f16f3dd058b2df4d2deb2d2673744176f41f7284013d7d3bc790b9ed16cf14",
    "https://64e8753eae24930008fac6d9--edge.netlify.com/bootstrap/handler.ts": "79d75a050cb89b6a673d20c5e059691b8bb93178a72a07ba713555ca024c5a3d",
    "https://64e8753eae24930008fac6d9--edge.netlify.com/bootstrap/headers.ts": "c8207507959258b3a31d7ef6bb17244da5ca0f4c6aa0629647b6a9322872f743",
    "https://64e8753eae24930008fac6d9--edge.netlify.com/bootstrap/index-combined.ts": "d3d3275ef36aff31e35a56da0db128b0f7403cecc4ca8c9af1e17cb78bfa5ae0",
    "https://64e8753eae24930008fac6d9--edge.netlify.com/bootstrap/invocation_metadata.ts": "e16572a7bdfb504ec7e8b19fa010ae832c5de97cabcc80b3746b47c723d5d197",
    "https://64e8753eae24930008fac6d9--edge.netlify.com/bootstrap/log/instrumented_log.ts": "7e8010d9e11e76aa5207f290ff51652f8edaa6d41ed8bc1fc865349d9b4689ed",
    "https://64e8753eae24930008fac6d9--edge.netlify.com/bootstrap/log/logger.ts": "618a2bb3fe1a15658ea95a98e06d31f10afb0d1af86357b9fa52f9311fca9d81",
    "https://64e8753eae24930008fac6d9--edge.netlify.com/bootstrap/log/types.ts": "be534c9e56a358189415e7c447e093daa4293e89c05a210ab20a1218802ac4f9",
    "https://64e8753eae24930008fac6d9--edge.netlify.com/bootstrap/path_parameters.ts": "51aad8e72e6516ed174486ca8f831cab6da0550a742c71eb0f92e4f499c7b6cb",
    "https://64e8753eae24930008fac6d9--edge.netlify.com/bootstrap/request.ts": "0a70af5c768877d0971d8c9898a87a6ff628c75f0c8a493cc3255e4cf540fc28",
    "https://64e8753eae24930008fac6d9--edge.netlify.com/bootstrap/request_store.ts": "9270fb6d8fb25fb00af79a1406a52084f09d42aa5f8957377d8fecb1bc3b2f99",
    "https://64e8753eae24930008fac6d9--edge.netlify.com/bootstrap/response.ts": "4e0d2537f810028ddbe91138b3526dae3f4c3fb30ff17673342ca971207c21b7",
    "https://64e8753eae24930008fac6d9--edge.netlify.com/bootstrap/retry.ts": "f296ce40940395e9cceb45e7e6df2852cfdd04d560d63b66e0d448550b583f77",
    "https://64e8753eae24930008fac6d9--edge.netlify.com/bootstrap/router.ts": "b787249ecbd87c01a661957302a251ecf6653f3c22d5eb3a6a167b8d07264fdc",
    "https://64e8753eae24930008fac6d9--edge.netlify.com/bootstrap/server.ts": "8b11984bb87a6a414f785a2ef54cc0df41a04bb77c4bc4c8593c7a00a666d9fe",
    "https://64e8753eae24930008fac6d9--edge.netlify.com/bootstrap/site.ts": "c4ab1ea61feaafcebfcc08fb8f501084c92094c5dc4051be049786f403dec0e5",
    "https://64e8753eae24930008fac6d9--edge.netlify.com/bootstrap/stage_2.ts": "9504d8124ec1284a84cb2537b0d04540ee59846aa902d868436057ac5b671307",
    "https://64e8753eae24930008fac6d9--edge.netlify.com/bootstrap/util/errors.ts": "e844f57dbb383a04c76523f1b2e30d8b99f8f7afb843a4b936e8d4d2a8a2d990",
    "https://64e8753eae24930008fac6d9--edge.netlify.com/bootstrap/util/execution_context.ts": "80d560a41b2fc470a8496375030065f05f4cf2bfac5ab9f7f972e9e61c2a00a1",
    "https://64e8753eae24930008fac6d9--edge.netlify.com/bootstrap/util/named_wrapper.ts": "a2b16dc9a8e8fb07509b5cfe29203eebd5bfaafe7589669bae544c8d4d606934",
    "https://64e8753eae24930008fac6d9--edge.netlify.com/bootstrap/util/patch_globals.ts": "bed0509e66d8adbdcbe51138b4ef7aceb7d53d8c1df850535a0dec043259425d",
    "https://64e8753eae24930008fac6d9--edge.netlify.com/bootstrap/util/redirect.ts": "44e8579752b8e386fa0c482215b090910a13c1fcab2e302a260fb7eb5cac8b8a",
    "https://64e8753eae24930008fac6d9--edge.netlify.com/bootstrap/util/stack_tracer.ts": "b8eea4305ed2a38a200c95ffd354d3090a4ea225f8e648f54101ee96f8ba6157",
    "https://64e8753eae24930008fac6d9--edge.netlify.com/vendor/v1-3-0--blobs-js.netlify.app/main.ts": "2280f5fb458eeb5b0b08b01ba0374d4c1bba9a5e824e651b40d138f9add5f1de",
    "https://deno.land/std@0.170.0/_util/asserts.ts": "d0844e9b62510f89ce1f9878b046f6a57bf88f208a10304aab50efcb48365272",
    "https://deno.land/std@0.170.0/async/abortable.ts": "80b2ac399f142cc528f95a037a7d0e653296352d95c681e284533765961de409",
    "https://deno.land/std@0.170.0/async/deadline.ts": "2c2deb53c7c28ca1dda7a3ad81e70508b1ebc25db52559de6b8636c9278fd41f",
    "https://deno.land/std@0.170.0/async/debounce.ts": "60301ffb37e730cd2d6f9dadfd0ecb2a38857681bd7aaf6b0a106b06e5210a98",
    "https://deno.land/std@0.170.0/async/deferred.ts": "77d3f84255c3627f1cc88699d8472b664d7635990d5358c4351623e098e917d6",
    "https://deno.land/std@0.170.0/async/delay.ts": "5a9bfba8de38840308a7a33786a0155a7f6c1f7a859558ddcec5fe06e16daf57",
    "https://deno.land/std@0.170.0/async/mod.ts": "7809ad4bb223e40f5fdc043e5c7ca04e0e25eed35c32c3c32e28697c553fa6d9",
    "https://deno.land/std@0.170.0/async/mux_async_iterator.ts": "770a0ff26c59f8bbbda6b703a2235f04e379f73238e8d66a087edc68c2a2c35f",
    "https://deno.land/std@0.170.0/async/pool.ts": "6854d8cd675a74c73391c82005cbbe4cc58183bddcd1fbbd7c2bcda42b61cf69",
    "https://deno.land/std@0.170.0/async/retry.ts": "e8e5173623915bbc0ddc537698fa418cf875456c347eda1ed453528645b42e67",
    "https://deno.land/std@0.170.0/async/tee.ts": "3a47cc4e9a940904fd4341f0224907e199121c80b831faa5ec2b054c6d2eff5e",
    "https://deno.land/std@0.170.0/datetime/to_imf.ts": "bdb0704a986a9bb48fba220722b3d4681e4b8c9c162562ee545ef2eb90b6edcd",
    "https://deno.land/std@0.170.0/encoding/base64.ts": "8605e018e49211efc767686f6f687827d7f5fd5217163e981d8d693105640d7a",
    "https://deno.land/std@0.170.0/flags/mod.ts": "4f50ec6383c02684db35de38b3ffb2cd5b9fcfcc0b1147055d1980c49e82521c",
    "https://deno.land/std@0.170.0/http/cookie.ts": "581464551b3d91739f699fbd6a429e6e8701ae252cf295efcda7379e8410d204",
    "https://deno.land/std@0.170.0/http/http_status.ts": "ed24048cc0d06066c944da59b0301da3ae2f990564bb4ad79bb52a09cf8e9b30",
    "https://deno.land/std@0.170.0/http/server.ts": "1b93c76cd415d7b6ad0ae36c17ccb9149b23f4dff018f7d5aa1ab5c36637eb45",
    "https://esm.sh/@react-email/render@0.0.9": "2a4f63c29053c427e7c62bd34ecd3cd6b99fe6a9c750bf7030c128d44e45e694",
    "https://esm.sh/cache-control-parser@2.0.2": "772720f73817d38814b5953cc06312fc958e5ea926511b9b1147c6a6fb64021a",
    "https://esm.sh/react@18.2.0/jsx-runtime": "914a55a07c388d345c5a0c11616ee5282242e8b8dfd0d505b83500ea04fd9870",
    "https://esm.sh/stable/react@18.2.0/denonext/jsx-runtime.js": "54d8a51c6ca025380abd2d5302e4a9b38ff835d9759c4657e52314f587eaf6bf",
    "https://esm.sh/stable/react@18.2.0/denonext/react.mjs": "3c4f23bcfc53b256fcfaf6f834fa9f584c3bb7be667b2682c6cb6ba8ef88f8e6",
    "https://esm.sh/v104/cache-control-parser@2.0.2/deno/cache-control-parser.js": "2386a423f22b19154da476510f1af4b6d760ee7cb37d55e7853fec42cf455d0a",
    "https://esm.sh/v135/@react-email/render@0.0.9/denonext/render.mjs": "26eb4aef662d90f362ae599978815568c436af3ab0b5a8f6d7fe87323dbea9c8",
    "https://esm.sh/v135/@selderee/plugin-htmlparser2@0.11.0/denonext/plugin-htmlparser2.mjs": "1df48106fa3eb0a241f08d17cd1ac048d7d56a5ecbd79b9e7a7404aeefe2d30d",
    "https://esm.sh/v135/condense-newlines@0.2.1/denonext/condense-newlines.mjs": "387f53e2b0ff1322fbb3f2247f56dd3049470ac66a4d82faf97eea757f7edb71",
    "https://esm.sh/v135/deepmerge@4.3.1/denonext/deepmerge.mjs": "08481570f6011601fe4b827bffb00cdea632e55c923c44485d8719e8ab77b7c9",
    "https://esm.sh/v135/dom-serializer@2.0.0/denonext/dom-serializer.mjs": "700001f5fdb9f72fc7d1f169be700489ddd7f19489b58b6e8691ff1fca9000fe",
    "https://esm.sh/v135/domelementtype@2.3.0/denonext/domelementtype.mjs": "371936c356d5ac797f2ce3a66b98dfc73e6fff0e095b2858b85668e6ad7d10e0",
    "https://esm.sh/v135/domhandler@5.0.3/denonext/domhandler.mjs": "8c6e56c4596bbe7e9fd9d615f8fcdec7f11075f217bdc966a02ebe89c01b9f6f",
    "https://esm.sh/v135/domutils@3.1.0/denonext/domutils.mjs": "2a86554cc5f543a068bbf6ea6ed0647f4ad4c3ccb555f0da9fae09180cd7b611",
    "https://esm.sh/v135/entities@4.5.0/denonext/entities.mjs": "a9e8f9c22022c34755d1189030ac30c68545ccf8532fa32654c50fe9d90a13a1",
    "https://esm.sh/v135/entities@4.5.0/denonext/lib/decode.js": "7fea6d8bd725edbbf7ea05031d2ea1bbbc1166dc11e3345d541198dd2dc16f1e",
    "https://esm.sh/v135/entities@4.5.0/denonext/lib/escape.js": "7ebdc622bf3618bab25db40da4a49e2b9d03f044745f125f0bc3359f2d060def",
    "https://esm.sh/v135/extend-shallow@2.0.1/denonext/extend-shallow.mjs": "cc409badfe86dbf0dda98cb2cbe31ccd257be09abc27fd4dc398551c4be3f783",
    "https://esm.sh/v135/html-to-text@9.0.5/denonext/html-to-text.mjs": "fdb70c7ab2e8f32a5ad937d75fb01d81bb4ab59baf3ef818b6b06cd3fe40fc70",
    "https://esm.sh/v135/htmlparser2@8.0.2/denonext/htmlparser2.mjs": "219a31d81c87d8ea21bec9be33d0d03bb8942c8b79fb8b9e2e6a05b826fc24dc",
    "https://esm.sh/v135/is-buffer@1.1.6/denonext/is-buffer.mjs": "486415c82ae4904c95e53ade28d7b5992ff49174db33763a2a7db8e7e3a01006",
    "https://esm.sh/v135/is-extendable@0.1.1/denonext/is-extendable.mjs": "27cf6efd0253500046d955b361857416cf89675dc7b50c036337e751a27b1eff",
    "https://esm.sh/v135/is-whitespace@0.3.0/denonext/is-whitespace.mjs": "a7e47c18d67ae6b2c0dae573f6c993cb2366e93e8745a730fad36121db55f531",
    "https://esm.sh/v135/js-beautify@1.14.11/denonext/js-beautify.mjs": "98b7066a4986e44e04c6e5216628f5abce4f5d54ec63e0d8369e93f44a9bd940",
    "https://esm.sh/v135/kind-of@3.2.2/denonext/kind-of.mjs": "08f25c105618a36af8981891437a5f1824951a6dfe3349a0819aea36f29a79c2",
    "https://esm.sh/v135/leac@0.6.0/denonext/leac.mjs": "766c7fa398dc25fdbed0f958730f4e68d3213bf8c48bc89e66da8f0b4cffee88",
    "https://esm.sh/v135/parseley@0.12.1/denonext/parseley.mjs": "ed9217c9309e2b8596f9d2e858a274ee78223c5f52080e4c98814c6a3962e975",
    "https://esm.sh/v135/peberminta@0.9.0/denonext/peberminta.mjs": "0519104a94175bb42e7885e99f59828e4417862a961955b7d52042aca029df12",
    "https://esm.sh/v135/pretty@2.0.0/denonext/pretty.mjs": "7423667633dba5ca3acb99b8d9aa463b6c8f463634ad1244f13241b9fd984019",
    "https://esm.sh/v135/react-dom@18.2.0/denonext/server.js": "ead88af18fb70a507ccab7bc02732e9d225ef224a6de05f4829605008e796750",
    "https://esm.sh/v135/selderee@0.11.0/denonext/selderee.mjs": "277b1ef45c8ec2ca935f839bb635e74bc90f129fdfc34aeed212649793e8ac85",
    "https://v1-6-0--edge-utils.netlify.app/logger/logger.ts": "7b7c87aa3772890be797e0e9ebd9a22b31c9e3105673ffc1844e88aabc5e5c37",
    "https://v1-6-0--edge-utils.netlify.app/logger/mod.ts": "669a5ec2dceede2926b0e1a7471c449a445f957c1deac559e07fb4c2af390ed1"
  }
}
